{
  "version": "5",
  "remote": {
    "https://deno.land/std@0.224.0/assert/assert.ts": "09d30564c09de846855b7b071e62b5974b001bb72a4b797958fe0660e7849834",
    "https://deno.land/std@0.224.0/assert/assertion_error.ts": "ba8752bd27ebc51f723702fac2f54d3e94447598f54264a6653d6413738a8917",
    "https://deno.land/std@0.224.0/path/_common/assert_path.ts": "dbdd757a465b690b2cc72fc5fb7698c51507dec6bfafce4ca500c46b76ff7bd8",
    "https://deno.land/std@0.224.0/path/_common/constants.ts": "dc5f8057159f4b48cd304eb3027e42f1148cf4df1fb4240774d3492b5d12ac0c",
    "https://deno.land/std@0.224.0/path/_common/normalize.ts": "684df4aa71a04bbcc346c692c8485594fc8a90b9408dfbc26ff32cf3e0c98cc8",
    "https://deno.land/std@0.224.0/path/_common/normalize_string.ts": "33edef773c2a8e242761f731adeb2bd6d683e9c69e4e3d0092985bede74f4ac3",
    "https://deno.land/std@0.224.0/path/_os.ts": "8fb9b90fb6b753bd8c77cfd8a33c2ff6c5f5bc185f50de8ca4ac6a05710b2c15",
    "https://deno.land/std@0.224.0/path/join.ts": "ae2ec5ca44c7e84a235fd532e4a0116bfb1f2368b394db1c4fb75e3c0f26a33a",
    "https://deno.land/std@0.224.0/path/posix/_util.ts": "1e3937da30f080bfc99fe45d7ed23c47dd8585c5e473b2d771380d3a6937cf9d",
    "https://deno.land/std@0.224.0/path/posix/join.ts": "7fc2cb3716aa1b863e990baf30b101d768db479e70b7313b4866a088db016f63",
    "https://deno.land/std@0.224.0/path/posix/normalize.ts": "baeb49816a8299f90a0237d214cef46f00ba3e95c0d2ceb74205a6a584b58a91",
    "https://deno.land/std@0.224.0/path/windows/_util.ts": "d5f47363e5293fced22c984550d5e70e98e266cc3f31769e1710511803d04808",
    "https://deno.land/std@0.224.0/path/windows/join.ts": "8d03530ab89195185103b7da9dfc6327af13eabdcd44c7c63e42e27808f50ecf",
    "https://deno.land/std@0.224.0/path/windows/normalize.ts": "78126170ab917f0ca355a9af9e65ad6bfa5be14d574c5fb09bb1920f52577780"
  },
  "workspace": {
    "packageJson": {
      "dependencies": [
        "npm:@lhci/cli@~0.15.1",
        "npm:@playwright/test@^1.55.0",
        "npm:@prisma/client@^6.14.0",
        "npm:@radix-ui/react-avatar@^1.1.10",
        "npm:@radix-ui/react-dialog@^1.1.15",
        "npm:@radix-ui/react-label@^2.1.7",
        "npm:@radix-ui/react-popover@^1.1.15",
        "npm:@radix-ui/react-select@^2.2.6",
        "npm:@radix-ui/react-separator@^1.1.7",
        "npm:@radix-ui/react-slot@^1.2.3",
        "npm:@radix-ui/react-tooltip@^1.2.8",
        "npm:@supabase/auth-helpers-nextjs@0.10",
        "npm:@supabase/ssr@~0.5.2",
        "npm:@supabase/supabase-js@^2.57.4",
        "npm:@tailwindcss/postcss@^4.1.11",
        "npm:@types/node@^20.19.11",
        "npm:@types/react-dom@^18.2.7",
        "npm:@types/react@^18.3.24",
        "npm:@typescript-eslint/eslint-plugin@^8.40.0",
        "npm:@typescript-eslint/parser@^8.40.0",
        "npm:autoprefixer@^10.4.21",
        "npm:browser-image-compression@^2.0.2",
        "npm:class-variance-authority@~0.7.1",
        "npm:clsx@^2.1.1",
        "npm:cross-env@^7.0.3",
        "npm:eslint-config-next@^14.2.10",
        "npm:eslint-import-resolver-typescript@^3.6.1",
        "npm:eslint-plugin-import@^2.29.1",
        "npm:eslint-plugin-react-hooks@^5.2.0",
        "npm:eslint-plugin-react@^7.37.2",
        "npm:eslint-plugin-tailwindcss@^4.0.0-beta.0",
        "npm:eslint@^8.57.1",
        "npm:googleapis@131",
        "npm:husky@^9.1.7",
        "npm:lucide-react@0.539",
        "npm:next-themes@~0.4.6",
        "npm:next@^14.2.10",
        "npm:postcss@^8.5.6",
        "npm:prettier-plugin-tailwindcss@~0.6.14",
        "npm:prettier@^3.6.2",
        "npm:prisma@^6.14.0",
        "npm:react-day-picker@^9.9.0",
        "npm:react-dom@^18.2.0",
        "npm:react@^18.2.0",
        "npm:resend@^6.0.1",
        "npm:rimraf@^5.0.5",
        "npm:serve@^14.2.4",
        "npm:sonner@^2.0.7",
        "npm:stripe@^18.4.0",
        "npm:stylelint-config-standard@39",
        "npm:stylelint-config-tailwindcss@1",
        "npm:stylelint@^16.23.1",
        "npm:supabase@^2.39.2",
        "npm:tailwind-merge@^3.3.1",
        "npm:tailwindcss@^4.1.11",
        "npm:tw-animate-css@^1.3.7",
        "npm:typescript@^5.9.2",
        "npm:zod@^3.25.76"
      ]
    }
  }
}
