{
  "version": "5",
  "specifiers": {
    "npm:@fontsource/inter@^5.2.8": "5.2.8",
    "npm:@resvg/resvg-js@^2.6.2": "2.6.2",
    "npm:@types/leaflet@^1.9.21": "1.9.21",
    "npm:browser-image-compression@^2.0.2": "2.0.2",
    "npm:husky@^9.1.7": "9.1.7",
    "npm:mapbox-gl@^3.7.0": "3.16.0",
    "npm:ogl@^1.0.11": "1.0.11",
    "npm:prettier-plugin-tailwindcss@~0.6.14": "0.6.14_prettier@3.6.2",
    "npm:prettier@^3.6.2": "3.6.2",
    "npm:tailwind-merge@^3.3.1": "3.3.1",
    "npm:tw-animate-css@^1.3.7": "1.4.0"
  },
  "npm": {
    "@fontsource/inter@5.2.8": {
      "integrity": "sha512-P6r5WnJoKiNVV+zvW2xM13gNdFhAEpQ9dQJHt3naLvfg+LkF2ldgSLiF4T41lf1SQCM9QmkqPTn4TH568IRagg=="
    },
    "@mapbox/jsonlint-lines-primitives@2.0.2": {
      "integrity": "sha512-rY0o9A5ECsTQRVhv7tL/OyDpGAoUB4tTvLiW1DSzQGq4bvTPhNw1VpSNjDJc5GFZ2XuyOtSWSVN05qOtcD71qQ=="
    },
    "@mapbox/mapbox-gl-supported@3.0.0": {
      "integrity": "sha512-2XghOwu16ZwPJLOFVuIOaLbN0iKMn867evzXFyf0P22dqugezfJwLmdanAgU25ITvz1TvOfVP4jsDImlDJzcWg=="
    },
    "@mapbox/point-geometry@1.1.0": {
      "integrity": "sha512-YGcBz1cg4ATXDCM/71L9xveh4dynfGmcLDqufR+nQQy3fKwsAZsWd/x4621/6uJaeB9mwOHE6hPeDgXz9uViUQ=="
    },
    "@mapbox/tiny-sdf@2.0.7": {
      "integrity": "sha512-25gQLQMcpivjOSA40g3gO6qgiFPDpWRoMfd+G/GoppPIeP6JDaMMkMrEJnMZhKyyS6iKwVt5YKu02vCUyJM3Ug=="
    },
    "@mapbox/unitbezier@0.0.1": {
      "integrity": "sha512-nMkuDXFv60aBr9soUG5q+GvZYL+2KZHVvsqFCzqnkGEf46U2fvmytHaEVc1/YZbiLn8X+eR3QzX1+dwDO1lxlw=="
    },
    "@mapbox/vector-tile@2.0.4": {
      "integrity": "sha512-AkOLcbgGTdXScosBWwmmD7cDlvOjkg/DetGva26pIRiZPdeJYjYKarIlb4uxVzi6bwHO6EWH82eZ5Nuv4T5DUg==",
      "dependencies": [
        "@mapbox/point-geometry",
        "@types/geojson",
        "pbf"
      ]
    },
    "@mapbox/whoots-js@3.1.0": {
      "integrity": "sha512-Es6WcD0nO5l+2BOQS4uLfNPYQaNDfbot3X1XUoloz+x0mPDS3eeORZJl06HXjwBG1fOGwCRnzK88LMdxKRrd6Q=="
    },
    "@resvg/resvg-js-android-arm-eabi@2.6.2": {
      "integrity": "sha512-FrJibrAk6v29eabIPgcTUMPXiEz8ssrAk7TXxsiZzww9UTQ1Z5KAbFJs+Z0Ez+VZTYgnE5IQJqBcoSiMebtPHA==",
      "os": ["android"],
      "cpu": ["arm"]
    },
    "@resvg/resvg-js-android-arm64@2.6.2": {
      "integrity": "sha512-VcOKezEhm2VqzXpcIJoITuvUS/fcjIw5NA/w3tjzWyzmvoCdd+QXIqy3FBGulWdClvp4g+IfUemigrkLThSjAQ==",
      "os": ["android"],
      "cpu": ["arm64"]
    },
    "@resvg/resvg-js-darwin-arm64@2.6.2": {
      "integrity": "sha512-nmok2LnAd6nLUKI16aEB9ydMC6Lidiiq2m1nEBDR1LaaP7FGs4AJ90qDraxX+CWlVuRlvNjyYJTNv8qFjtL9+A==",
      "os": ["darwin"],
      "cpu": ["arm64"]
    },
    "@resvg/resvg-js-darwin-x64@2.6.2": {
      "integrity": "sha512-GInyZLjgWDfsVT6+SHxQVRwNzV0AuA1uqGsOAW+0th56J7Nh6bHHKXHBWzUrihxMetcFDmQMAX1tZ1fZDYSRsw==",
      "os": ["darwin"],
      "cpu": ["x64"]
    },
    "@resvg/resvg-js-linux-arm-gnueabihf@2.6.2": {
      "integrity": "sha512-YIV3u/R9zJbpqTTNwTZM5/ocWetDKGsro0SWp70eGEM9eV2MerWyBRZnQIgzU3YBnSBQ1RcxRZvY/UxwESfZIw==",
      "os": ["linux"],
      "cpu": ["arm"]
    },
    "@resvg/resvg-js-linux-arm64-gnu@2.6.2": {
      "integrity": "sha512-zc2BlJSim7YR4FZDQ8OUoJg5holYzdiYMeobb9pJuGDidGL9KZUv7SbiD4E8oZogtYY42UZEap7dqkkYuA91pg==",
      "os": ["linux"],
      "cpu": ["arm64"]
    },
    "@resvg/resvg-js-linux-arm64-musl@2.6.2": {
      "integrity": "sha512-3h3dLPWNgSsD4lQBJPb4f+kvdOSJHa5PjTYVsWHxLUzH4IFTJUAnmuWpw4KqyQ3NA5QCyhw4TWgxk3jRkQxEKg==",
      "os": ["linux"],
      "cpu": ["arm64"]
    },
    "@resvg/resvg-js-linux-x64-gnu@2.6.2": {
      "integrity": "sha512-IVUe+ckIerA7xMZ50duAZzwf1U7khQe2E0QpUxu5MBJNao5RqC0zwV/Zm965vw6D3gGFUl7j4m+oJjubBVoftw==",
      "os": ["linux"],
      "cpu": ["x64"]
    },
    "@resvg/resvg-js-linux-x64-musl@2.6.2": {
      "integrity": "sha512-UOf83vqTzoYQO9SZ0fPl2ZIFtNIz/Rr/y+7X8XRX1ZnBYsQ/tTb+cj9TE+KHOdmlTFBxhYzVkP2lRByCzqi4jQ==",
      "os": ["linux"],
      "cpu": ["x64"]
    },
    "@resvg/resvg-js-win32-arm64-msvc@2.6.2": {
      "integrity": "sha512-7C/RSgCa+7vqZ7qAbItfiaAWhyRSoD4l4BQAbVDqRRsRgY+S+hgS3in0Rxr7IorKUpGE69X48q6/nOAuTJQxeQ==",
      "os": ["win32"],
      "cpu": ["arm64"]
    },
    "@resvg/resvg-js-win32-ia32-msvc@2.6.2": {
      "integrity": "sha512-har4aPAlvjnLcil40AC77YDIk6loMawuJwFINEM7n0pZviwMkMvjb2W5ZirsNOZY4aDbo5tLx0wNMREp5Brk+w==",
      "os": ["win32"],
      "cpu": ["ia32"]
    },
    "@resvg/resvg-js-win32-x64-msvc@2.6.2": {
      "integrity": "sha512-ZXtYhtUr5SSaBrUDq7DiyjOFJqBVL/dOBN7N/qmi/pO0IgiWW/f/ue3nbvu9joWE5aAKDoIzy/CxsY0suwGosQ==",
      "os": ["win32"],
      "cpu": ["x64"]
    },
    "@resvg/resvg-js@2.6.2": {
      "integrity": "sha512-xBaJish5OeGmniDj9cW5PRa/PtmuVU3ziqrbr5xJj901ZDN4TosrVaNZpEiLZAxdfnhAe7uQ7QFWfjPe9d9K2Q==",
      "optionalDependencies": [
        "@resvg/resvg-js-android-arm-eabi",
        "@resvg/resvg-js-android-arm64",
        "@resvg/resvg-js-darwin-arm64",
        "@resvg/resvg-js-darwin-x64",
        "@resvg/resvg-js-linux-arm-gnueabihf",
        "@resvg/resvg-js-linux-arm64-gnu",
        "@resvg/resvg-js-linux-arm64-musl",
        "@resvg/resvg-js-linux-x64-gnu",
        "@resvg/resvg-js-linux-x64-musl",
        "@resvg/resvg-js-win32-arm64-msvc",
        "@resvg/resvg-js-win32-ia32-msvc",
        "@resvg/resvg-js-win32-x64-msvc"
      ]
    },
    "@types/geojson-vt@3.2.5": {
      "integrity": "sha512-qDO7wqtprzlpe8FfQ//ClPV9xiuoh2nkIgiouIptON9w5jvD/fA4szvP9GBlDVdJ5dldAl0kX/sy3URbWwLx0g==",
      "dependencies": [
        "@types/geojson"
      ]
    },
    "@types/geojson@7946.0.16": {
      "integrity": "sha512-6C8nqWur3j98U6+lXDfTUWIfgvZU+EumvpHKcYjujKH7woYyLj2sUmff0tRhrqM7BohUw7Pz3ZB1jj2gW9Fvmg=="
    },
    "@types/leaflet@1.9.21": {
      "integrity": "sha512-TbAd9DaPGSnzp6QvtYngntMZgcRk+igFELwR2N99XZn7RXUdKgsXMR+28bUO0rPsWp8MIu/f47luLIQuSLYv/w==",
      "dependencies": [
        "@types/geojson"
      ]
    },
    "@types/mapbox__point-geometry@0.1.4": {
      "integrity": "sha512-mUWlSxAmYLfwnRBmgYV86tgYmMIICX4kza8YnE/eIlywGe2XoOxlpVnXWwir92xRLjwyarqwpu2EJKD2pk0IUA=="
    },
    "@types/pbf@3.0.5": {
      "integrity": "sha512-j3pOPiEcWZ34R6a6mN07mUkM4o4Lwf6hPNt8eilOeZhTFbxFXmKhvXl9Y28jotFPaI1bpPDJsbCprUoNke6OrA=="
    },
    "@types/supercluster@7.1.3": {
      "integrity": "sha512-Z0pOY34GDFl3Q6hUFYf3HkTwKEE02e7QgtJppBt+beEAxnyOpJua+voGFvxINBHa06GwLFFym7gRPY2SiKIfIA==",
      "dependencies": [
        "@types/geojson"
      ]
    },
    "browser-image-compression@2.0.2": {
      "integrity": "sha512-pBLlQyUf6yB8SmmngrcOw3EoS4RpQ1BcylI3T9Yqn7+4nrQTXJD4sJDe5ODnJdrvNMaio5OicFo75rDyJD2Ucw==",
      "dependencies": [
        "uzip"
      ]
    },
    "cheap-ruler@4.0.0": {
      "integrity": "sha512-0BJa8f4t141BYKQyn9NSQt1PguFQXMXwZiA5shfoaBYHAb2fFk2RAX+tiWMoQU+Agtzt3mdt0JtuyshAXqZ+Vw=="
    },
    "csscolorparser@1.0.3": {
      "integrity": "sha512-umPSgYwZkdFoUrH5hIq5kf0wPSXiro51nPw0j2K/c83KflkPSTBGMz6NJvMB+07VlL0y7VPo6QJcDjcgKTTm3w=="
    },
    "earcut@3.0.2": {
      "integrity": "sha512-X7hshQbLyMJ/3RPhyObLARM2sNxxmRALLKx1+NVFFnQ9gKzmCrxm9+uLIAdBcvc8FNLpctqlQ2V6AE92Ol9UDQ=="
    },
    "geojson-vt@4.0.2": {
      "integrity": "sha512-AV9ROqlNqoZEIJGfm1ncNjEXfkz2hdFlZf0qkVfmkwdKa8vj7H16YUOT81rJw1rdFhyEDlN2Tds91p/glzbl5A=="
    },
    "gl-matrix@3.4.4": {
      "integrity": "sha512-latSnyDNt/8zYUB6VIJ6PCh2jBjJX6gnDsoCZ7LyW7GkqrD51EWwa9qCoGixj8YqBtETQK/xY7OmpTF8xz1DdQ=="
    },
    "grid-index@1.1.0": {
      "integrity": "sha512-HZRwumpOGUrHyxO5bqKZL0B0GlUpwtCAzZ42sgxUPniu33R1LSFH5yrIcBCHjkctCAh3mtWKcKd9J4vDDdeVHA=="
    },
    "husky@9.1.7": {
      "integrity": "sha512-5gs5ytaNjBrh5Ow3zrvdUUY+0VxIuWVL4i9irt6friV+BqdCfmV11CQTWMiBYWHbXhco+J1kHfTOUkePhCDvMA==",
      "bin": true
    },
    "kdbush@4.0.2": {
      "integrity": "sha512-WbCVYJ27Sz8zi9Q7Q0xHC+05iwkm3Znipc2XTlrnJbsHMYktW4hPhXUE8Ys1engBrvffoSCqbil1JQAa7clRpA=="
    },
    "mapbox-gl@3.16.0": {
      "integrity": "sha512-rluV1Zp/0oHf1Y9BV+nePRNnKyTdljko3E19CzO5rBqtQaNUYS0ePCMPRtxOuWRwSdKp3f9NWJkOCjemM8nmjw==",
      "dependencies": [
        "@mapbox/jsonlint-lines-primitives",
        "@mapbox/mapbox-gl-supported",
        "@mapbox/point-geometry",
        "@mapbox/tiny-sdf",
        "@mapbox/unitbezier",
        "@mapbox/vector-tile",
        "@mapbox/whoots-js",
        "@types/geojson",
        "@types/geojson-vt",
        "@types/mapbox__point-geometry",
        "@types/pbf",
        "@types/supercluster",
        "cheap-ruler",
        "csscolorparser",
        "earcut",
        "geojson-vt",
        "gl-matrix",
        "grid-index",
        "kdbush",
        "martinez-polygon-clipping",
        "murmurhash-js",
        "pbf",
        "potpack",
        "quickselect",
        "serialize-to-js",
        "supercluster",
        "tinyqueue@3.0.0"
      ]
    },
    "martinez-polygon-clipping@0.7.4": {
      "integrity": "sha512-jBEwrKtA0jTagUZj2bnmb4Yg2s4KnJGRePStgI7bAVjtcipKiF39R4LZ2V/UT61jMYWrTcBhPazexeqd6JAVtw==",
      "dependencies": [
        "robust-predicates",
        "splaytree",
        "tinyqueue@1.2.3"
      ]
    },
    "murmurhash-js@1.0.0": {
      "integrity": "sha512-TvmkNhkv8yct0SVBSy+o8wYzXjE4Zz3PCesbfs8HiCXXdcTuocApFv11UWlNFWKYsP2okqrhb7JNlSm9InBhIw=="
    },
    "ogl@1.0.11": {
      "integrity": "sha512-kUpC154AFfxi16pmZUK4jk3J+8zxwTWGPo03EoYA8QPbzikHoaC82n6pNTbd+oEaJonaE8aPWBlX7ad9zrqLsA=="
    },
    "pbf@4.0.1": {
      "integrity": "sha512-SuLdBvS42z33m8ejRbInMapQe8n0D3vN/Xd5fmWM3tufNgRQFBpaW2YVJxQZV4iPNqb0vEFvssMEo5w9c6BTIA==",
      "dependencies": [
        "resolve-protobuf-schema"
      ],
      "bin": true
    },
    "potpack@2.1.0": {
      "integrity": "sha512-pcaShQc1Shq0y+E7GqJqvZj8DTthWV1KeHGdi0Z6IAin2Oi3JnLCOfwnCo84qc+HAp52wT9nK9H7FAJp5a44GQ=="
    },
    "prettier-plugin-tailwindcss@0.6.14_prettier@3.6.2": {
      "integrity": "sha512-pi2e/+ZygeIqntN+vC573BcW5Cve8zUB0SSAGxqpB4f96boZF4M3phPVoOFCeypwkpRYdi7+jQ5YJJUwrkGUAg==",
      "dependencies": [
        "prettier"
      ]
    },
    "prettier@3.6.2": {
      "integrity": "sha512-I7AIg5boAr5R0FFtJ6rCfD+LFsWHp81dolrFD8S79U9tb8Az2nGrJncnMSnys+bpQJfRUzqs9hnA81OAA3hCuQ==",
      "bin": true
    },
    "protocol-buffers-schema@3.6.0": {
      "integrity": "sha512-TdDRD+/QNdrCGCE7v8340QyuXd4kIWIgapsE2+n/SaGiSSbomYl4TjHlvIoCWRpE7wFt02EpB35VVA2ImcBVqw=="
    },
    "quickselect@3.0.0": {
      "integrity": "sha512-XdjUArbK4Bm5fLLvlm5KpTFOiOThgfWWI4axAZDWg4E/0mKdZyI9tNEfds27qCi1ze/vwTR16kvmmGhRra3c2g=="
    },
    "resolve-protobuf-schema@2.1.0": {
      "integrity": "sha512-kI5ffTiZWmJaS/huM8wZfEMer1eRd7oJQhDuxeCLe3t7N7mX3z94CN0xPxBQxFYQTSNz9T0i+v6inKqSdK8xrQ==",
      "dependencies": [
        "protocol-buffers-schema"
      ]
    },
    "robust-predicates@2.0.4": {
      "integrity": "sha512-l4NwboJM74Ilm4VKfbAtFeGq7aEjWL+5kVFcmgFA2MrdnQWx9iE/tUGvxY5HyMI7o/WpSIUFLbC5fbeaHgSCYg=="
    },
    "serialize-to-js@3.1.2": {
      "integrity": "sha512-owllqNuDDEimQat7EPG0tH7JjO090xKNzUtYz6X+Sk2BXDnOCilDdNLwjWeFywG9xkJul1ULvtUQa9O4pUaY0w=="
    },
    "splaytree@0.1.4": {
      "integrity": "sha512-D50hKrjZgBzqD3FT2Ek53f2dcDLAQT8SSGrzj3vidNH5ISRgceeGVJ2dQIthKOuayqFXfFjXheHNo4bbt9LhRQ=="
    },
    "supercluster@8.0.1": {
      "integrity": "sha512-IiOea5kJ9iqzD2t7QJq/cREyLHTtSmUT6gQsweojg9WH2sYJqZK9SswTu6jrscO6D1G5v5vYZ9ru/eq85lXeZQ==",
      "dependencies": [
        "kdbush"
      ]
    },
    "tailwind-merge@3.3.1": {
      "integrity": "sha512-gBXpgUm/3rp1lMZZrM/w7D8GKqshif0zAymAhbCyIt8KMe+0v9DQ7cdYLR4FHH/cKpdTXb+A/tKKU3eolfsI+g=="
    },
    "tinyqueue@1.2.3": {
      "integrity": "sha512-Qz9RgWuO9l8lT+Y9xvbzhPT2efIUIFd69N7eF7tJ9lnQl0iLj1M7peK7IoUGZL9DJHw9XftqLreccfxcQgYLxA=="
    },
    "tinyqueue@3.0.0": {
      "integrity": "sha512-gRa9gwYU3ECmQYv3lslts5hxuIa90veaEcxDYuu3QGOIAEM2mOZkVHp48ANJuu1CURtRdHKUBY5Lm1tHV+sD4g=="
    },
    "tw-animate-css@1.4.0": {
      "integrity": "sha512-7bziOlRqH0hJx80h/3mbicLW7o8qLsH5+RaLR2t+OHM3D0JlWGODQKQ4cxbK7WlvmUxpcj6Kgu6EKqjrGFe3QQ=="
    },
    "uzip@0.20201231.0": {
      "integrity": "sha512-OZeJfZP+R0z9D6TmBgLq2LHzSSptGMGDGigGiEe0pr8UBe/7fdflgHlHBNDASTXB5jnFuxHpNaJywSg8YFeGng=="
    }
  },
  "remote": {
    "https://deno.land/std@0.224.0/assert/assert.ts": "09d30564c09de846855b7b071e62b5974b001bb72a4b797958fe0660e7849834",
    "https://deno.land/std@0.224.0/assert/assertion_error.ts": "ba8752bd27ebc51f723702fac2f54d3e94447598f54264a6653d6413738a8917",
    "https://deno.land/std@0.224.0/path/_common/assert_path.ts": "dbdd757a465b690b2cc72fc5fb7698c51507dec6bfafce4ca500c46b76ff7bd8",
    "https://deno.land/std@0.224.0/path/_common/constants.ts": "dc5f8057159f4b48cd304eb3027e42f1148cf4df1fb4240774d3492b5d12ac0c",
    "https://deno.land/std@0.224.0/path/_common/normalize.ts": "684df4aa71a04bbcc346c692c8485594fc8a90b9408dfbc26ff32cf3e0c98cc8",
    "https://deno.land/std@0.224.0/path/_common/normalize_string.ts": "33edef773c2a8e242761f731adeb2bd6d683e9c69e4e3d0092985bede74f4ac3",
    "https://deno.land/std@0.224.0/path/_os.ts": "8fb9b90fb6b753bd8c77cfd8a33c2ff6c5f5bc185f50de8ca4ac6a05710b2c15",
    "https://deno.land/std@0.224.0/path/join.ts": "ae2ec5ca44c7e84a235fd532e4a0116bfb1f2368b394db1c4fb75e3c0f26a33a",
    "https://deno.land/std@0.224.0/path/posix/_util.ts": "1e3937da30f080bfc99fe45d7ed23c47dd8585c5e473b2d771380d3a6937cf9d",
    "https://deno.land/std@0.224.0/path/posix/join.ts": "7fc2cb3716aa1b863e990baf30b101d768db479e70b7313b4866a088db016f63",
    "https://deno.land/std@0.224.0/path/posix/normalize.ts": "baeb49816a8299f90a0237d214cef46f00ba3e95c0d2ceb74205a6a584b58a91",
    "https://deno.land/std@0.224.0/path/windows/_util.ts": "d5f47363e5293fced22c984550d5e70e98e266cc3f31769e1710511803d04808",
    "https://deno.land/std@0.224.0/path/windows/join.ts": "8d03530ab89195185103b7da9dfc6327af13eabdcd44c7c63e42e27808f50ecf",
    "https://deno.land/std@0.224.0/path/windows/normalize.ts": "78126170ab917f0ca355a9af9e65ad6bfa5be14d574c5fb09bb1920f52577780"
  },
  "workspace": {
    "packageJson": {
      "dependencies": [
        "npm:@fontsource/inter@^5.2.8",
        "npm:@gsap/react@^2.1.2",
        "npm:@hookform/resolvers@^3.10.0",
        "npm:@lhci/cli@~0.15.1",
        "npm:@mapbox/mapbox-gl-geocoder@^5.1.2",
        "npm:@playwright/test@^1.56.1",
        "npm:@prisma/client@^6.14.0",
        "npm:@radix-ui/react-avatar@^1.1.10",
        "npm:@radix-ui/react-dialog@^1.1.15",
        "npm:@radix-ui/react-label@^2.1.7",
        "npm:@radix-ui/react-popover@^1.1.15",
        "npm:@radix-ui/react-select@^2.2.6",
        "npm:@radix-ui/react-separator@^1.1.7",
        "npm:@radix-ui/react-slider@^1.3.6",
        "npm:@radix-ui/react-slot@^1.2.3",
        "npm:@radix-ui/react-switch@^1.2.6",
        "npm:@radix-ui/react-tooltip@^1.2.8",
        "npm:@react-pdf/renderer@^4.3.1",
        "npm:@resvg/resvg-js@^2.6.2",
        "npm:@stripe/react-stripe-js@^5.4.1",
        "npm:@stripe/stripe-js@^8.5.3",
        "npm:@supabase/auth-helpers-nextjs@0.10",
        "npm:@supabase/auth-helpers-shared@0.7",
        "npm:@supabase/auth-js@^2.80.0",
        "npm:@supabase/ssr@0.7",
        "npm:@supabase/supabase-js@^2.80.0",
        "npm:@tailwindcss/oxide@^4.1.12",
        "npm:@tailwindcss/postcss@^4.1.11",
        "npm:@tanstack/react-table@^8.21.3",
        "npm:@types/leaflet@^1.9.21",
        "npm:@types/node@^20.19.11",
        "npm:@types/react-dom@^18.2.7",
        "npm:@types/react@^18.3.24",
        "npm:@typescript-eslint/eslint-plugin@^8.40.0",
        "npm:@typescript-eslint/parser@^8.40.0",
        "npm:autoprefixer@^10.4.21",
        "npm:browser-image-compression@^2.0.2",
        "npm:caniuse-lite@^1.0.30001759",
        "npm:class-variance-authority@~0.7.1",
        "npm:clsx@^2.1.1",
        "npm:cmdk@1",
        "npm:cross-env@^7.0.3",
        "npm:date-fns@^4.1.0",
        "npm:dotenv@^16.4.5",
        "npm:eslint-config-next@14.2.10",
        "npm:eslint-import-resolver-typescript@^3.6.1",
        "npm:eslint-plugin-import@^2.29.1",
        "npm:eslint-plugin-react-hooks@^5.2.0",
        "npm:eslint-plugin-react@^7.37.2",
        "npm:eslint-plugin-tailwindcss@^4.0.0-beta.0",
        "npm:eslint@^8.57.1",
        "npm:execa@^9.6.0",
        "npm:ffmpeg-static@^5.2.0",
        "npm:framer-motion@^11.11.1",
        "npm:googleapis@131",
        "npm:gsap@^3.13.0",
        "npm:husky@^9.1.7",
        "npm:leaflet@^1.9.4",
        "npm:lenis@^1.1.14",
        "npm:lint-staged@^16.2.6",
        "npm:lucide-react@0.539",
        "npm:mapbox-gl-geocoder@2.0.1",
        "npm:mapbox-gl@^3.7.0",
        "npm:motion@^12.23.24",
        "npm:next-themes@~0.4.6",
        "npm:next@14.2.10",
        "npm:ogl@^1.0.11",
        "npm:playwright@^1.56.1",
        "npm:postcss@^8.5.6",
        "npm:prettier-plugin-tailwindcss@~0.6.14",
        "npm:prettier@^3.6.2",
        "npm:prisma@^6.14.0",
        "npm:pwa-asset-generator@^8.1.2",
        "npm:qrcode@^1.5.4",
        "npm:react-datepicker@^8.7.0",
        "npm:react-day-picker@^9.9.0",
        "npm:react-dom@^18.2.0",
        "npm:react-hook-form@^7.64.0",
        "npm:react-leaflet@^4.2.1",
        "npm:react@^18.2.0",
        "npm:recharts@^3.3.0",
        "npm:resend@^6.0.1",
        "npm:rimraf@^5.0.5",
        "npm:satori@~0.18.3",
        "npm:serve@^14.2.4",
        "npm:sharp@~0.33.5",
        "npm:sonner@^2.0.7",
        "npm:stripe@^18.4.0",
        "npm:stylelint-config-standard@39",
        "npm:stylelint-config-tailwindcss@1",
        "npm:stylelint@^16.23.1",
        "npm:supabase@^2.54.11",
        "npm:tailwind-merge@^3.3.1",
        "npm:tailwindcss@^4.1.11",
        "npm:tsx@^4.19.0",
        "npm:tw-animate-css@^1.3.7",
        "npm:typescript@5.6.3",
        "npm:vitest@^3.2.4",
        "npm:web-push@^3.6.7",
        "npm:zod@^3.25.76",
        "npm:zustand@^5.0.8"
      ]
    }
  }
}
